
Microsoft Visual Studio Solution File, Format Version 12.00
# Visual Studio Version 17
VisualStudioVersion = 17.0.31903.59
MinimumVisualStudioVersion = 10.0.40219.1
Project("{FAE04EC0-301F-11D3-BF4B-00C04F79EFBC}") = "DefinexAttribute", "DefinexAttribute\DefinexAttribute.csproj", "{310171DA-F0AD-44E9-B2E0-450D9C1FB9D3}"
EndProject
Project("{FAE04EC0-301F-11D3-BF4B-00C04F79EFBC}") = "StudentMVC", "StudentMVC\StudentMVC.csproj", "{3AFACE66-0CE5-4923-9D9C-4409A8FB46F8}"
EndProject
Global
	GlobalSection(SolutionConfigurationPlatforms) = preSolution
		Debug|Any CPU = Debug|Any CPU
		Release|Any CPU = Release|Any CPU
	EndGlobalSection
	GlobalSection(ProjectConfigurationPlatforms) = postSolution
		{310171DA-F0AD-44E9-B2E0-450D9C1FB9D3}.Debug|Any CPU.ActiveCfg = Debug|Any CPU
		{310171DA-F0AD-44E9-B2E0-450D9C1FB9D3}.Debug|Any CPU.Build.0 = Debug|Any CPU
		{310171DA-F0AD-44E9-B2E0-450D9C1FB9D3}.Release|Any CPU.ActiveCfg = Release|Any CPU
		{310171DA-F0AD-44E9-B2E0-450D9C1FB9D3}.Release|Any CPU.Build.0 = Release|Any CPU
		{3AFACE66-0CE5-4923-9D9C-4409A8FB46F8}.Debug|Any CPU.ActiveCfg = Debug|Any CPU
		{3AFACE66-0CE5-4923-9D9C-4409A8FB46F8}.Debug|Any CPU.Build.0 = Debug|Any CPU
		{3AFACE66-0CE5-4923-9D9C-4409A8FB46F8}.Release|Any CPU.ActiveCfg = Release|Any CPU
		{3AFACE66-0CE5-4923-9D9C-4409A8FB46F8}.Release|Any CPU.Build.0 = Release|Any CPU
	EndGlobalSection
	GlobalSection(SolutionProperties) = preSolution
		HideSolutionNode = FALSE
	EndGlobalSection
EndGlobal
